{
  "nodes": {
    "deploy-rs": {
      "inputs": {
        "flake-compat": "flake-compat",
        "nixpkgs": "nixpkgs",
        "utils": "utils"
      },
      "locked": {
        "lastModified": 1643787431,
        "narHash": "sha256-8IwuVgXulRE3ZWq6z8mytarawC32pKPKR20EyDtSH+w=",
        "owner": "serokell",
        "repo": "deploy-rs",
        "rev": "4154ba1aaaf7333a916384c348d867d03b6f1409",
        "type": "github"
      },
      "original": {
        "owner": "serokell",
        "repo": "deploy-rs",
        "type": "github"
      }
    },
    "emacs-overlay": {
      "locked": {
        "lastModified": 1645179483,
        "narHash": "sha256-Q11wkzvQvtUNgMpPxE0fofp5XT9K2wglhOi4nNG6nyg=",
        "owner": "nix-community",
        "repo": "emacs-overlay",
        "rev": "6a753da27cd3d5c0be49be6faaf2ed1feabdb240",
        "type": "github"
      },
      "original": {
        "owner": "nix-community",
        "repo": "emacs-overlay",
        "type": "github"
      }
    },
    "flake-compat": {
      "flake": false,
      "locked": {
        "lastModified": 1641205782,
        "narHash": "sha256-4jY7RCWUoZ9cKD8co0/4tFARpWB+57+r1bLLvXNJliY=",
        "owner": "edolstra",
        "repo": "flake-compat",
        "rev": "b7547d3eed6f32d06102ead8991ec52ab0a4f1a7",
        "type": "github"
      },
      "original": {
        "owner": "edolstra",
        "repo": "flake-compat",
        "type": "github"
      }
    },
    "home-manager": {
      "inputs": {
        "nixpkgs": "nixpkgs_2"
      },
      "locked": {
        "lastModified": 1645140957,
        "narHash": "sha256-WTJzLSCDLBI537o2L/3kRyqEV5YRT7+1QSGryeKReHE=",
        "owner": "nix-community",
        "repo": "home-manager",
        "rev": "4f4165a8b9108818ab0193bbd1a252106870b2a2",
        "type": "github"
      },
      "original": {
        "owner": "nix-community",
        "repo": "home-manager",
        "type": "github"
      }
    },
    "nixpkgs": {
      "locked": {
        "lastModified": 1643472818,
        "narHash": "sha256-qzVPxKDUubYIxKRSuDl/JgzXWSmGvUVYny9SxFMfPJM=",
        "owner": "NixOS",
        "repo": "nixpkgs",
        "rev": "7f65e4abd5ecaad12d2d26e4380d1a7d8edafea7",
        "type": "github"
      },
      "original": {
        "owner": "NixOS",
        "ref": "nixpkgs-unstable",
        "repo": "nixpkgs",
        "type": "github"
      }
    },
    "nixpkgs_2": {
      "locked": {
        "lastModified": 1644972330,
        "narHash": "sha256-6V2JFpTUzB9G+KcqtUR1yl7f6rd9495YrFECslEmbGw=",
        "owner": "NixOS",
        "repo": "nixpkgs",
        "rev": "19574af0af3ffaf7c9e359744ed32556f34536bd",
        "type": "github"
      },
      "original": {
        "id": "nixpkgs",
        "type": "indirect"
      }
    },
    "nixpkgs_3": {
      "locked": {
        "lastModified": 1645010845,
        "narHash": "sha256-hO9X4PvxkSLMQnGGB7tOrKPwufhLMiNQMNXNwzLqneo=",
        "owner": "nixos",
        "repo": "nixpkgs",
        "rev": "2128d0aa28edef51fd8fef38b132ffc0155595df",
        "type": "github"
      },
      "original": {
        "owner": "nixos",
        "ref": "nixos-21.11",
        "repo": "nixpkgs",
        "type": "github"
      }
    },
    "nur": {
      "locked": {
        "lastModified": 1645182018,
        "narHash": "sha256-esXJXkK70fvlztdhqE+tYJtQliwOfvZvvT/ZiwRGW6A=",
        "owner": "nix-community",
        "repo": "NUR",
        "rev": "9bfbaf7fcf989f4fe5ac3818f4e3d740d4d90143",
        "type": "github"
      },
      "original": {
        "owner": "nix-community",
        "repo": "NUR",
        "type": "github"
      }
    },
    "root": {
      "inputs": {
        "deploy-rs": "deploy-rs",
        "emacs-overlay": "emacs-overlay",
        "home-manager": "home-manager",
        "nixpkgs": "nixpkgs_3",
        "nur": "nur"
      }
    },
    "utils": {
      "locked": {
        "lastModified": 1642700792,
        "narHash": "sha256-XqHrk7hFb+zBvRg6Ghl+AZDq03ov6OshJLiSWOoX5es=",
        "owner": "numtide",
        "repo": "flake-utils",
        "rev": "846b2ae0fc4cc943637d3d1def4454213e203cba",
        "type": "github"
      },
      "original": {
        "owner": "numtide",
        "repo": "flake-utils",
        "type": "github"
      }
    }
  },
  "root": "root",
  "version": 7
}
